{
  "nodes": {
    "nixpkgs": {
      "locked": {
        "lastModified": 1628024441,
        "narHash": "sha256-Ta8pUXAC9awOreQP4mQYJ7L5kKbPLFyNvcLPTHpfTbc=",
        "owner": "NixOS",
        "repo": "nixpkgs",
        "rev": "a79a5b880c29602426ccc77ab131639f34a32d47",
        "type": "github"
      },
      "original": {
        "id": "nixpkgs",
        "type": "indirect"
      }
    },
    "root": {
      "inputs": {
        "nixpkgs": "nixpkgs"
      }
    }
  },
  "root": "root",
  "version": 7
}
